{
  "version": 1,
  "dependencies": {
    "net10.0-windows7.0": {
      "Microsoft.NET.ILLink.Tasks": {
        "type": "Direct",
        "requested": "[10.0.10, )",
        "resolved": "10.0.10",
        "contentHash": "f5VCIE7AJpd5YvzNTeMGVzQIgyE9tX+AreTYwQF+REbu+DZo/2Ae+jNSwhPEYrVz6RRkd7y8ubXjk6Nn6Ka+Cg=="
      },
      "vvoooverthrown.core": {
        "type": "Project",
        "dependencies": {
          "VVooOverthrown.Helper.Core": "[0.1.0, )",
          "VVooOverthrown.Protocol": "[0.1.0, )"
        }
      },
      "vvoooverthrown.helper.core": {
        "type": "Project"
      },
      "vvoooverthrown.protocol": {
        "type": "Project"
      }
    },
    "net10.0-windows7.0/win-x64": {}
  }
}